
Microsoft Visual Studio Solution File, Format Version 12.00
# Visual Studio 15
Project("{FAE04EC0-301F-11D3-BF4B-00C04F79EFBC}") = "MyFunction", "MyFunction.csproj", "{8895CBEB-0C76-49AA-98B0-1466C047BE50}"
EndProject
Project("{FAE04EC0-301F-11D3-BF4B-00C04F79EFBC}") = "MyFunction.Tests", "..\..\test\MyFunction.Tests\MyFunction.Tests.csproj", "{D2D6C202-E940-45B7-B4DB-E7AD9165ABDC}"
EndProject
Global
	GlobalSection(SolutionConfigurationPlatforms) = preSolution
		Debug|Any CPU = Debug|Any CPU
		Release|Any CPU = Release|Any CPU
	EndGlobalSection
	GlobalSection(ProjectConfigurationPlatforms) = postSolution
		{8895CBEB-0C76-49AA-98B0-1466C047BE50}.Debug|Any CPU.ActiveCfg = Debug|Any CPU
		{8895CBEB-0C76-49AA-98B0-1466C047BE50}.Debug|Any CPU.Build.0 = Debug|Any CPU
		{8895CBEB-0C76-49AA-98B0-1466C047BE50}.Release|Any CPU.ActiveCfg = Release|Any CPU
		{8895CBEB-0C76-49AA-98B0-1466C047BE50}.Release|Any CPU.Build.0 = Release|Any CPU
		{D2D6C202-E940-45B7-B4DB-E7AD9165ABDC}.Debug|Any CPU.ActiveCfg = Debug|Any CPU
		{D2D6C202-E940-45B7-B4DB-E7AD9165ABDC}.Debug|Any CPU.Build.0 = Debug|Any CPU
		{D2D6C202-E940-45B7-B4DB-E7AD9165ABDC}.Release|Any CPU.ActiveCfg = Release|Any CPU
		{D2D6C202-E940-45B7-B4DB-E7AD9165ABDC}.Release|Any CPU.Build.0 = Release|Any CPU
	EndGlobalSection
EndGlobal
